// !$*UTF8*$!
{
	archiveVersion = 1;
	classes = {
	};
	objectVersion = 50;
	objects = {

/* Begin PBXBuildFile section */
		C7A81A3C2678E329000EC0A1 /* AppDelegate.swift in Sources */ = {isa = PBXBuildFile; fileRef = C7A81A3B2678E329000EC0A1 /* AppDelegate.swift */; };
		C7A81A3E2678E329000EC0A1 /* SceneDelegate.swift in Sources */ = {isa = PBXBuildFile; fileRef = C7A81A3D2678E329000EC0A1 /* SceneDelegate.swift */; };
		C7A81A402678E329000EC0A1 /* ListViewController.swift in Sources */ = {isa = PBXBuildFile; fileRef = C7A81A3F2678E329000EC0A1 /* ListViewController.swift */; };
		C7A81A432678E329000EC0A1 /* Main.storyboard in Resources */ = {isa = PBXBuildFile; fileRef = C7A81A412678E329000EC0A1 /* Main.storyboard */; };
		C7A81A452678E32B000EC0A1 /* Assets.xcassets in Resources */ = {isa = PBXBuildFile; fileRef = C7A81A442678E32B000EC0A1 /* Assets.xcassets */; };
		C7A81A482678E32B000EC0A1 /* LaunchScreen.storyboard in Resources */ = {isa = PBXBuildFile; fileRef = C7A81A462678E32B000EC0A1 /* LaunchScreen.storyboard */; };
		C7A81A512678E356000EC0A1 /* Router.swift in Sources */ = {isa = PBXBuildFile; fileRef = C7A81A502678E356000EC0A1 /* Router.swift */; };
		C7A81A542678E391000EC0A1 /* Model.swift in Sources */ = {isa = PBXBuildFile; fileRef = C7A81A532678E391000EC0A1 /* Model.swift */; };
		C7A81A572678E406000EC0A1 /* Utilities.swift in Sources */ = {isa = PBXBuildFile; fileRef = C7A81A562678E406000EC0A1 /* Utilities.swift */; };
		C7A81A602678EE96000EC0A1 /* HomeViewController.swift in Sources */ = {isa = PBXBuildFile; fileRef = C7A81A5F2678EE96000EC0A1 /* HomeViewController.swift */; };
		C7A81A652678F1E0000EC0A1 /* PersonDetailsTableViewCell.swift in Sources */ = {isa = PBXBuildFile; fileRef = C7A81A632678F1E0000EC0A1 /* PersonDetailsTableViewCell.swift */; };
		C7A81A662678F1E0000EC0A1 /* PersonDetailsTableViewCell.xib in Resources */ = {isa = PBXBuildFile; fileRef = C7A81A642678F1E0000EC0A1 /* PersonDetailsTableViewCell.xib */; };
		C7A81A6B2678F207000EC0A1 /* PersonDetailV2TableViewCell.swift in Sources */ = {isa = PBXBuildFile; fileRef = C7A81A692678F207000EC0A1 /* PersonDetailV2TableViewCell.swift */; };
		C7A81A6C2678F207000EC0A1 /* PersonDetailV2TableViewCell.xib in Resources */ = {isa = PBXBuildFile; fileRef = C7A81A6A2678F207000EC0A1 /* PersonDetailV2TableViewCell.xib */; };
		C7A81A6F2678F429000EC0A1 /* Bindable.swift in Sources */ = {isa = PBXBuildFile; fileRef = C7A81A6E2678F429000EC0A1 /* Bindable.swift */; };
		C7A81A72267905E6000EC0A1 /* UIImageView+Extension.swift in Sources */ = {isa = PBXBuildFile; fileRef = C7A81A71267905E6000EC0A1 /* UIImageView+Extension.swift */; };
/* End PBXBuildFile section */

/* Begin PBXFileReference section */
		C7A81A382678E329000EC0A1 /* iOSOnboardingProject.app */ = {isa = PBXFileReference; explicitFileType = wrapper.application; includeInIndex = 0; path = iOSOnboardingProject.app; sourceTree = BUILT_PRODUCTS_DIR; };
		C7A81A3B2678E329000EC0A1 /* AppDelegate.swift */ = {isa = PBXFileReference; lastKnownFileType = sourcecode.swift; path = AppDelegate.swift; sourceTree = "<group>"; };
		C7A81A3D2678E329000EC0A1 /* SceneDelegate.swift */ = {isa = PBXFileReference; lastKnownFileType = sourcecode.swift; path = SceneDelegate.swift; sourceTree = "<group>"; };
		C7A81A3F2678E329000EC0A1 /* ListViewController.swift */ = {isa = PBXFileReference; lastKnownFileType = sourcecode.swift; path = ListViewController.swift; sourceTree = "<group>"; };
		C7A81A422678E329000EC0A1 /* Base */ = {isa = PBXFileReference; lastKnownFileType = file.storyboard; name = Base; path = Base.lproj/Main.storyboard; sourceTree = "<group>"; };
		C7A81A442678E32B000EC0A1 /* Assets.xcassets */ = {isa = PBXFileReference; lastKnownFileType = folder.assetcatalog; path = Assets.xcassets; sourceTree = "<group>"; };
		C7A81A472678E32B000EC0A1 /* Base */ = {isa = PBXFileReference; lastKnownFileType = file.storyboard; name = Base; path = Base.lproj/LaunchScreen.storyboard; sourceTree = "<group>"; };
		C7A81A492678E32B000EC0A1 /* Info.plist */ = {isa = PBXFileReference; lastKnownFileType = text.plist.xml; path = Info.plist; sourceTree = "<group>"; };
		C7A81A502678E356000EC0A1 /* Router.swift */ = {isa = PBXFileReference; lastKnownFileType = sourcecode.swift; path = Router.swift; sourceTree = "<group>"; };
		C7A81A532678E391000EC0A1 /* Model.swift */ = {isa = PBXFileReference; lastKnownFileType = sourcecode.swift; path = Model.swift; sourceTree = "<group>"; };
		C7A81A562678E406000EC0A1 /* Utilities.swift */ = {isa = PBXFileReference; lastKnownFileType = sourcecode.swift; path = Utilities.swift; sourceTree = "<group>"; };
		C7A81A5F2678EE96000EC0A1 /* HomeViewController.swift */ = {isa = PBXFileReference; lastKnownFileType = sourcecode.swift; path = HomeViewController.swift; sourceTree = "<group>"; };
		C7A81A632678F1E0000EC0A1 /* PersonDetailsTableViewCell.swift */ = {isa = PBXFileReference; lastKnownFileType = sourcecode.swift; path = PersonDetailsTableViewCell.swift; sourceTree = "<group>"; };
		C7A81A642678F1E0000EC0A1 /* PersonDetailsTableViewCell.xib */ = {isa = PBXFileReference; lastKnownFileType = file.xib; path = PersonDetailsTableViewCell.xib; sourceTree = "<group>"; };
		C7A81A692678F207000EC0A1 /* PersonDetailV2TableViewCell.swift */ = {isa = PBXFileReference; lastKnownFileType = sourcecode.swift; path = PersonDetailV2TableViewCell.swift; sourceTree = "<group>"; };
		C7A81A6A2678F207000EC0A1 /* PersonDetailV2TableViewCell.xib */ = {isa = PBXFileReference; lastKnownFileType = file.xib; path = PersonDetailV2TableViewCell.xib; sourceTree = "<group>"; };
		C7A81A6E2678F429000EC0A1 /* Bindable.swift */ = {isa = PBXFileReference; lastKnownFileType = sourcecode.swift; path = Bindable.swift; sourceTree = "<group>"; };
		C7A81A71267905E6000EC0A1 /* UIImageView+Extension.swift */ = {isa = PBXFileReference; lastKnownFileType = sourcecode.swift; path = "UIImageView+Extension.swift"; sourceTree = "<group>"; };
/* End PBXFileReference section */

/* Begin PBXFrameworksBuildPhase section */
		C7A81A352678E329000EC0A1 /* Frameworks */ = {
			isa = PBXFrameworksBuildPhase;
			buildActionMask = 2147483647;
			files = (
			);
			runOnlyForDeploymentPostprocessing = 0;
		};
/* End PBXFrameworksBuildPhase section */

/* Begin PBXGroup section */
		C7A81A2F2678E329000EC0A1 = {
			isa = PBXGroup;
			children = (
				C7A81A3A2678E329000EC0A1 /* iOSOnboardingProject */,
				C7A81A392678E329000EC0A1 /* Products */,
			);
			sourceTree = "<group>";
		};
		C7A81A392678E329000EC0A1 /* Products */ = {
			isa = PBXGroup;
			children = (
				C7A81A382678E329000EC0A1 /* iOSOnboardingProject.app */,
			);
			name = Products;
			sourceTree = "<group>";
		};
		C7A81A3A2678E329000EC0A1 /* iOSOnboardingProject */ = {
			isa = PBXGroup;
			children = (
				C7A81A7826790D32000EC0A1 /* HelperFiles */,
				C7A81A7526790C9C000EC0A1 /* Extensions+Protocols */,
				C7A81A622678F1BB000EC0A1 /* Cells */,
				C7A81A592678EDB8000EC0A1 /* ViewController */,
				C7A81A3B2678E329000EC0A1 /* AppDelegate.swift */,
				C7A81A3D2678E329000EC0A1 /* SceneDelegate.swift */,
				C7A81A412678E329000EC0A1 /* Main.storyboard */,
				C7A81A442678E32B000EC0A1 /* Assets.xcassets */,
				C7A81A462678E32B000EC0A1 /* LaunchScreen.storyboard */,
				C7A81A492678E32B000EC0A1 /* Info.plist */,
				C7A81A532678E391000EC0A1 /* Model.swift */,
				C7A81A502678E356000EC0A1 /* Router.swift */,
				C7A81A7426790C89000EC0A1 /* Backup */,
			);
			path = iOSOnboardingProject;
			sourceTree = "<group>";
		};
		C7A81A592678EDB8000EC0A1 /* ViewController */ = {
			isa = PBXGroup;
			children = (
				C7A81A3F2678E329000EC0A1 /* ListViewController.swift */,
				C7A81A5F2678EE96000EC0A1 /* HomeViewController.swift */,
			);
			path = ViewController;
			sourceTree = "<group>";
		};
		C7A81A622678F1BB000EC0A1 /* Cells */ = {
			isa = PBXGroup;
			children = (
				C7A81A632678F1E0000EC0A1 /* PersonDetailsTableViewCell.swift */,
				C7A81A642678F1E0000EC0A1 /* PersonDetailsTableViewCell.xib */,
			);
			path = Cells;
			sourceTree = "<group>";
		};
		C7A81A7426790C89000EC0A1 /* Backup */ = {
			isa = PBXGroup;
			children = (
				C7A81A692678F207000EC0A1 /* PersonDetailV2TableViewCell.swift */,
				C7A81A6A2678F207000EC0A1 /* PersonDetailV2TableViewCell.xib */,
			);
			path = Backup;
			sourceTree = "<group>";
		};
		C7A81A7526790C9C000EC0A1 /* Extensions+Protocols */ = {
			isa = PBXGroup;
			children = (
				C7A81A6E2678F429000EC0A1 /* Bindable.swift */,
				C7A81A71267905E6000EC0A1 /* UIImageView+Extension.swift */,
			);
			path = "Extensions+Protocols";
			sourceTree = "<group>";
		};
		C7A81A7826790D32000EC0A1 /* HelperFiles */ = {
			isa = PBXGroup;
			children = (
				C7A81A562678E406000EC0A1 /* Utilities.swift */,
			);
			path = HelperFiles;
			sourceTree = "<group>";
		};
/* End PBXGroup section */

/* Begin PBXNativeTarget section */
		C7A81A372678E329000EC0A1 /* iOSOnboardingProject */ = {
			isa = PBXNativeTarget;
			buildConfigurationList = C7A81A4C2678E32B000EC0A1 /* Build configuration list for PBXNativeTarget "iOSOnboardingProject" */;
			buildPhases = (
				C7A81A342678E329000EC0A1 /* Sources */,
				C7A81A352678E329000EC0A1 /* Frameworks */,
				C7A81A362678E329000EC0A1 /* Resources */,
			);
			buildRules = (
			);
			dependencies = (
			);
			name = iOSOnboardingProject;
			productName = iOSOnboardingProject;
			productReference = C7A81A382678E329000EC0A1 /* iOSOnboardingProject.app */;
			productType = "com.apple.product-type.application";
		};
/* End PBXNativeTarget section */

/* Begin PBXProject section */
		C7A81A302678E329000EC0A1 /* Project object */ = {
			isa = PBXProject;
			attributes = {
				LastSwiftUpdateCheck = 1230;
				LastUpgradeCheck = 1230;
				TargetAttributes = {
					C7A81A372678E329000EC0A1 = {
						CreatedOnToolsVersion = 12.3;
					};
				};
			};
			buildConfigurationList = C7A81A332678E329000EC0A1 /* Build configuration list for PBXProject "iOSOnboardingProject" */;
			compatibilityVersion = "Xcode 9.3";
			developmentRegion = en;
			hasScannedForEncodings = 0;
			knownRegions = (
				en,
				Base,
			);
			mainGroup = C7A81A2F2678E329000EC0A1;
			productRefGroup = C7A81A392678E329000EC0A1 /* Products */;
			projectDirPath = "";
			projectRoot = "";
			targets = (
				C7A81A372678E329000EC0A1 /* iOSOnboardingProject */,
			);
		};
/* End PBXProject section */

/* Begin PBXResourcesBuildPhase section */
		C7A81A362678E329000EC0A1 /* Resources */ = {
			isa = PBXResourcesBuildPhase;
			buildActionMask = 2147483647;
			files = (
				C7A81A6C2678F207000EC0A1 /* PersonDetailV2TableViewCell.xib in Resources */,
				C7A81A482678E32B000EC0A1 /* LaunchScreen.storyboard in Resources */,
				C7A81A452678E32B000EC0A1 /* Assets.xcassets in Resources */,
				C7A81A432678E329000EC0A1 /* Main.storyboard in Resources */,
				C7A81A662678F1E0000EC0A1 /* PersonDetailsTableViewCell.xib in Resources */,
			);
			runOnlyForDeploymentPostprocessing = 0;
		};
/* End PBXResourcesBuildPhase section */

/* Begin PBXSourcesBuildPhase section */
		C7A81A342678E329000EC0A1 /* Sources */ = {
			isa = PBXSourcesBuildPhase;
			buildActionMask = 2147483647;
			files = (
				C7A81A6F2678F429000EC0A1 /* Bindable.swift in Sources */,
				C7A81A572678E406000EC0A1 /* Utilities.swift in Sources */,
				C7A81A542678E391000EC0A1 /* Model.swift in Sources */,
				C7A81A402678E329000EC0A1 /* ListViewController.swift in Sources */,
				C7A81A512678E356000EC0A1 /* Router.swift in Sources */,
				C7A81A3C2678E329000EC0A1 /* AppDelegate.swift in Sources */,
				C7A81A602678EE96000EC0A1 /* HomeViewController.swift in Sources */,
				C7A81A72267905E6000EC0A1 /* UIImageView+Extension.swift in Sources */,
				C7A81A652678F1E0000EC0A1 /* PersonDetailsTableViewCell.swift in Sources */,
				C7A81A6B2678F207000EC0A1 /* PersonDetailV2TableViewCell.swift in Sources */,
				C7A81A3E2678E329000EC0A1 /* SceneDelegate.swift in Sources */,
			);
			runOnlyForDeploymentPostprocessing = 0;
		};
/* End PBXSourcesBuildPhase section */

/* Begin PBXVariantGroup section */
		C7A81A412678E329000EC0A1 /* Main.storyboard */ = {
			isa = PBXVariantGroup;
			children = (
				C7A81A422678E329000EC0A1 /* Base */,
			);
			name = Main.storyboard;
			sourceTree = "<group>";
		};
		C7A81A462678E32B000EC0A1 /* LaunchScreen.storyboard */ = {
			isa = PBXVariantGroup;
			children = (
				C7A81A472678E32B000EC0A1 /* Base */,
			);
			name = LaunchScreen.storyboard;
			sourceTree = "<group>";
		};
/* End PBXVariantGroup section */

/* Begin XCBuildConfiguration section */
		C7A81A4A2678E32B000EC0A1 /* Debug */ = {
			isa = XCBuildConfiguration;
			buildSettings = {
				ALWAYS_SEARCH_USER_PATHS = NO;
				CLANG_ANALYZER_NONNULL = YES;
				CLANG_ANALYZER_NUMBER_OBJECT_CONVERSION = YES_AGGRESSIVE;
				CLANG_CXX_LANGUAGE_STANDARD = "gnu++14";
				CLANG_CXX_LIBRARY = "libc++";
				CLANG_ENABLE_MODULES = YES;
				CLANG_ENABLE_OBJC_ARC = YES;
				CLANG_ENABLE_OBJC_WEAK = YES;
				CLANG_WARN_BLOCK_CAPTURE_AUTORELEASING = YES;
				CLANG_WARN_BOOL_CONVERSION = YES;
				CLANG_WARN_COMMA = YES;
				CLANG_WARN_CONSTANT_CONVERSION = YES;
				CLANG_WARN_DEPRECATED_OBJC_IMPLEMENTATIONS = YES;
				CLANG_WARN_DIRECT_OBJC_ISA_USAGE = YES_ERROR;
				CLANG_WARN_DOCUMENTATION_COMMENTS = YES;
				CLANG_WARN_EMPTY_BODY = YES;
				CLANG_WARN_ENUM_CONVERSION = YES;
				CLANG_WARN_INFINITE_RECURSION = YES;
				CLANG_WARN_INT_CONVERSION = YES;
				CLANG_WARN_NON_LITERAL_NULL_CONVERSION = YES;
				CLANG_WARN_OBJC_IMPLICIT_RETAIN_SELF = YES;
				CLANG_WARN_OBJC_LITERAL_CONVERSION = YES;
				CLANG_WARN_OBJC_ROOT_CLASS = YES_ERROR;
				CLANG_WARN_QUOTED_INCLUDE_IN_FRAMEWORK_HEADER = YES;
				CLANG_WARN_RANGE_LOOP_ANALYSIS = YES;
				CLANG_WARN_STRICT_PROTOTYPES = YES;
				CLANG_WARN_SUSPICIOUS_MOVE = YES;
				CLANG_WARN_UNGUARDED_AVAILABILITY = YES_AGGRESSIVE;
				CLANG_WARN_UNREACHABLE_CODE = YES;
				CLANG_WARN__DUPLICATE_METHOD_MATCH = YES;
				COPY_PHASE_STRIP = NO;
				DEBUG_INFORMATION_FORMAT = dwarf;
				ENABLE_STRICT_OBJC_MSGSEND = YES;
				ENABLE_TESTABILITY = YES;
				GCC_C_LANGUAGE_STANDARD = gnu11;
				GCC_DYNAMIC_NO_PIC = NO;
				GCC_NO_COMMON_BLOCKS = YES;
				GCC_OPTIMIZATION_LEVEL = 0;
				GCC_PREPROCESSOR_DEFINITIONS = (
					"DEBUG=1",
					"$(inherited)",
				);
				GCC_WARN_64_TO_32_BIT_CONVERSION = YES;
				GCC_WARN_ABOUT_RETURN_TYPE = YES_ERROR;
				GCC_WARN_UNDECLARED_SELECTOR = YES;
				GCC_WARN_UNINITIALIZED_AUTOS = YES_AGGRESSIVE;
				GCC_WARN_UNUSED_FUNCTION = YES;
				GCC_WARN_UNUSED_VARIABLE = YES;
				IPHONEOS_DEPLOYMENT_TARGET = 14.3;
				MTL_ENABLE_DEBUG_INFO = INCLUDE_SOURCE;
				MTL_FAST_MATH = YES;
				ONLY_ACTIVE_ARCH = YES;
				SDKROOT = iphoneos;
				SWIFT_ACTIVE_COMPILATION_CONDITIONS = DEBUG;
				SWIFT_OPTIMIZATION_LEVEL = "-Onone";
			};
			name = Debug;
		};
		C7A81A4B2678E32B000EC0A1 /* Release */ = {
			isa = XCBuildConfiguration;
			buildSettings = {
				ALWAYS_SEARCH_USER_PATHS = NO;
				CLANG_ANALYZER_NONNULL = YES;
				CLANG_ANALYZER_NUMBER_OBJECT_CONVERSION = YES_AGGRESSIVE;
				CLANG_CXX_LANGUAGE_STANDARD = "gnu++14";
				CLANG_CXX_LIBRARY = "libc++";
				CLANG_ENABLE_MODULES = YES;
				CLANG_ENABLE_OBJC_ARC = YES;
				CLANG_ENABLE_OBJC_WEAK = YES;
				CLANG_WARN_BLOCK_CAPTURE_AUTORELEASING = YES;
				CLANG_WARN_BOOL_CONVERSION = YES;
				CLANG_WARN_COMMA = YES;
				CLANG_WARN_CONSTANT_CONVERSION = YES;
				CLANG_WARN_DEPRECATED_OBJC_IMPLEMENTATIONS = YES;
				CLANG_WARN_DIRECT_OBJC_ISA_USAGE = YES_ERROR;
				CLANG_WARN_DOCUMENTATION_COMMENTS = YES;
				CLANG_WARN_EMPTY_BODY = YES;
				CLANG_WARN_ENUM_CONVERSION = YES;
				CLANG_WARN_INFINITE_RECURSION = YES;
				CLANG_WARN_INT_CONVERSION = YES;
				CLANG_WARN_NON_LITERAL_NULL_CONVERSION = YES;
				CLANG_WARN_OBJC_IMPLICIT_RETAIN_SELF = YES;
				CLANG_WARN_OBJC_LITERAL_CONVERSION = YES;
				CLANG_WARN_OBJC_ROOT_CLASS = YES_ERROR;
				CLANG_WARN_QUOTED_INCLUDE_IN_FRAMEWORK_HEADER = YES;
				CLANG_WARN_RANGE_LOOP_ANALYSIS = YES;
				CLANG_WARN_STRICT_PROTOTYPES = YES;
				CLANG_WARN_SUSPICIOUS_MOVE = YES;
				CLANG_WARN_UNGUARDED_AVAILABILITY = YES_AGGRESSIVE;
				CLANG_WARN_UNREACHABLE_CODE = YES;
				CLANG_WARN__DUPLICATE_METHOD_MATCH = YES;
				COPY_PHASE_STRIP = NO;
				DEBUG_INFORMATION_FORMAT = "dwarf-with-dsym";
				ENABLE_NS_ASSERTIONS = NO;
				ENABLE_STRICT_OBJC_MSGSEND = YES;
				GCC_C_LANGUAGE_STANDARD = gnu11;
				GCC_NO_COMMON_BLOCKS = YES;
				GCC_WARN_64_TO_32_BIT_CONVERSION = YES;
				GCC_WARN_ABOUT_RETURN_TYPE = YES_ERROR;
				GCC_WARN_UNDECLARED_SELECTOR = YES;
				GCC_WARN_UNINITIALIZED_AUTOS = YES_AGGRESSIVE;
				GCC_WARN_UNUSED_FUNCTION = YES;
				GCC_WARN_UNUSED_VARIABLE = YES;
				IPHONEOS_DEPLOYMENT_TARGET = 14.3;
				MTL_ENABLE_DEBUG_INFO = NO;
				MTL_FAST_MATH = YES;
				SDKROOT = iphoneos;
				SWIFT_COMPILATION_MODE = wholemodule;
				SWIFT_OPTIMIZATION_LEVEL = "-O";
				VALIDATE_PRODUCT = YES;
			};
			name = Release;
		};
		C7A81A4D2678E32B000EC0A1 /* Debug */ = {
			isa = XCBuildConfiguration;
			buildSettings = {
				ASSETCATALOG_COMPILER_APPICON_NAME = AppIcon;
				ASSETCATALOG_COMPILER_GLOBAL_ACCENT_COLOR_NAME = AccentColor;
				CODE_SIGN_STYLE = Automatic;
				DEVELOPMENT_TEAM = A42J7RPZC8;
				INFOPLIST_FILE = iOSOnboardingProject/Info.plist;
				LD_RUNPATH_SEARCH_PATHS = (
					"$(inherited)",
					"@executable_path/Frameworks",
				);
				PRODUCT_BUNDLE_IDENTIFIER = com.arinjay.iOSOnboardingProject;
				PRODUCT_NAME = "$(TARGET_NAME)";
				SWIFT_VERSION = 5.0;
				TARGETED_DEVICE_FAMILY = "1,2";
			};
			name = Debug;
		};
		C7A81A4E2678E32B000EC0A1 /* Release */ = {
			isa = XCBuildConfiguration;
			buildSettings = {
				ASSETCATALOG_COMPILER_APPICON_NAME = AppIcon;
				ASSETCATALOG_COMPILER_GLOBAL_ACCENT_COLOR_NAME = AccentColor;
				CODE_SIGN_STYLE = Automatic;
				DEVELOPMENT_TEAM = A42J7RPZC8;
				INFOPLIST_FILE = iOSOnboardingProject/Info.plist;
				LD_RUNPATH_SEARCH_PATHS = (
					"$(inherited)",
					"@executable_path/Frameworks",
				);
				PRODUCT_BUNDLE_IDENTIFIER = com.arinjay.iOSOnboardingProject;
				PRODUCT_NAME = "$(TARGET_NAME)";
				SWIFT_VERSION = 5.0;
				TARGETED_DEVICE_FAMILY = "1,2";
			};
			name = Release;
		};
/* End XCBuildConfiguration section */

/* Begin XCConfigurationList section */
		C7A81A332678E329000EC0A1 /* Build configuration list for PBXProject "iOSOnboardingProject" */ = {
			isa = XCConfigurationList;
			buildConfigurations = (
				C7A81A4A2678E32B000EC0A1 /* Debug */,
				C7A81A4B2678E32B000EC0A1 /* Release */,
			);
			defaultConfigurationIsVisible = 0;
			defaultConfigurationName = Release;
		};
		C7A81A4C2678E32B000EC0A1 /* Build configuration list for PBXNativeTarget "iOSOnboardingProject" */ = {
			isa = XCConfigurationList;
			buildConfigurations = (
				C7A81A4D2678E32B000EC0A1 /* Debug */,
				C7A81A4E2678E32B000EC0A1 /* Release */,
			);
			defaultConfigurationIsVisible = 0;
			defaultConfigurationName = Release;
		};
/* End XCConfigurationList section */
	};
	rootObject = C7A81A302678E329000EC0A1 /* Project object */;
}
